
Microsoft Visual Studio Solution File, Format Version 10.00
# Visual Studio 2008
Project("{F14B399A-7131-4C87-9E4B-1186C45EF12D}") = "MEXImprimirFactura", "MEXImprimirFactura\MEXImprimirFactura.rptproj", "{E6EBE870-21E8-4A96-A31C-DBE76C1350C4}"
EndProject
Global
	GlobalSection(SolutionConfigurationPlatforms) = preSolution
		Debug|Default = Debug|Default
		DebugLocal|Default = DebugLocal|Default
		Release|Default = Release|Default
	EndGlobalSection
	GlobalSection(ProjectConfigurationPlatforms) = postSolution
		{E6EBE870-21E8-4A96-A31C-DBE76C1350C4}.Debug|Default.ActiveCfg = Debug
		{E6EBE870-21E8-4A96-A31C-DBE76C1350C4}.Debug|Default.Build.0 = DebugLocal
		{E6EBE870-21E8-4A96-A31C-DBE76C1350C4}.Debug|Default.Deploy.0 = DebugLocal
		{E6EBE870-21E8-4A96-A31C-DBE76C1350C4}.DebugLocal|Default.ActiveCfg = DebugLocal
		{E6EBE870-21E8-4A96-A31C-DBE76C1350C4}.DebugLocal|Default.Build.0 = DebugLocal
		{E6EBE870-21E8-4A96-A31C-DBE76C1350C4}.Release|Default.ActiveCfg = Release
		{E6EBE870-21E8-4A96-A31C-DBE76C1350C4}.Release|Default.Build.0 = Release
		{E6EBE870-21E8-4A96-A31C-DBE76C1350C4}.Release|Default.Deploy.0 = Release
	EndGlobalSection
	GlobalSection(SolutionProperties) = preSolution
		HideSolutionNode = FALSE
	EndGlobalSection
EndGlobal
